// !$*UTF8*$!
{
	archiveVersion = 1;
	classes = {
	};
	objectVersion = 56;
	objects = {

/* Begin PBXBuildFile section */
		C056BE4D29D2510F0075F55F /* cointossApp.swift in Sources */ = {isa = PBXBuildFile; fileRef = C056BE4C29D2510F0075F55F /* cointossApp.swift */; };
		C056BE4F29D2510F0075F55F /* GameplayViewController.swift in Sources */ = {isa = PBXBuildFile; fileRef = C056BE4E29D2510F0075F55F /* GameplayViewController.swift */; };
		C056BE5129D251100075F55F /* Assets.xcassets in Resources */ = {isa = PBXBuildFile; fileRef = C056BE5029D251100075F55F /* Assets.xcassets */; };
		C056BE5429D251100075F55F /* Preview Assets.xcassets in Resources */ = {isa = PBXBuildFile; fileRef = C056BE5329D251100075F55F /* Preview Assets.xcassets */; };
		C056BE5629D251100075F55F /* Persistence.swift in Sources */ = {isa = PBXBuildFile; fileRef = C056BE5529D251100075F55F /* Persistence.swift */; };
		C056BE5929D251100075F55F /* cointoss.xcdatamodeld in Sources */ = {isa = PBXBuildFile; fileRef = C056BE5729D251100075F55F /* cointoss.xcdatamodeld */; };
		C056BE6229D25EBE0075F55F /* GameplayManager.swift in Sources */ = {isa = PBXBuildFile; fileRef = C056BE6129D25EBE0075F55F /* GameplayManager.swift */; };
		C056BE6429D25EF10075F55F /* CoinToss.swift in Sources */ = {isa = PBXBuildFile; fileRef = C056BE6329D25EF10075F55F /* CoinToss.swift */; };
/* End PBXBuildFile section */

/* Begin PBXFileReference section */
		C056BE4929D2510F0075F55F /* cointoss.app */ = {isa = PBXFileReference; explicitFileType = wrapper.application; includeInIndex = 0; path = cointoss.app; sourceTree = BUILT_PRODUCTS_DIR; };
		C056BE4C29D2510F0075F55F /* cointossApp.swift */ = {isa = PBXFileReference; lastKnownFileType = sourcecode.swift; path = cointossApp.swift; sourceTree = "<group>"; };
		C056BE4E29D2510F0075F55F /* GameplayViewController.swift */ = {isa = PBXFileReference; lastKnownFileType = sourcecode.swift; path = GameplayViewController.swift; sourceTree = "<group>"; };
		C056BE5029D251100075F55F /* Assets.xcassets */ = {isa = PBXFileReference; lastKnownFileType = folder.assetcatalog; path = Assets.xcassets; sourceTree = "<group>"; };
		C056BE5329D251100075F55F /* Preview Assets.xcassets */ = {isa = PBXFileReference; lastKnownFileType = folder.assetcatalog; path = "Preview Assets.xcassets"; sourceTree = "<group>"; };
		C056BE5529D251100075F55F /* Persistence.swift */ = {isa = PBXFileReference; lastKnownFileType = sourcecode.swift; path = Persistence.swift; sourceTree = "<group>"; };
		C056BE5829D251100075F55F /* cointoss.xcdatamodel */ = {isa = PBXFileReference; lastKnownFileType = wrapper.xcdatamodel; path = cointoss.xcdatamodel; sourceTree = "<group>"; };
		C056BE6129D25EBE0075F55F /* GameplayManager.swift */ = {isa = PBXFileReference; lastKnownFileType = sourcecode.swift; path = GameplayManager.swift; sourceTree = "<group>"; };
		C056BE6329D25EF10075F55F /* CoinToss.swift */ = {isa = PBXFileReference; lastKnownFileType = sourcecode.swift; path = CoinToss.swift; sourceTree = "<group>"; };
/* End PBXFileReference section */

/* Begin PBXFrameworksBuildPhase section */
		C056BE4629D2510F0075F55F /* Frameworks */ = {
			isa = PBXFrameworksBuildPhase;
			buildActionMask = 2147483647;
			files = (
			);
			runOnlyForDeploymentPostprocessing = 0;
		};
/* End PBXFrameworksBuildPhase section */

/* Begin PBXGroup section */
		C056BE4029D2510F0075F55F = {
			isa = PBXGroup;
			children = (
				C056BE6729D264070075F55F /* CoinToss */,
				C056BE4B29D2510F0075F55F /* cointoss1 */,
				C056BE4A29D2510F0075F55F /* Products */,
			);
			sourceTree = "<group>";
		};
		C056BE4A29D2510F0075F55F /* Products */ = {
			isa = PBXGroup;
			children = (
				C056BE4929D2510F0075F55F /* cointoss.app */,
			);
			name = Products;
			sourceTree = "<group>";
		};
		C056BE4B29D2510F0075F55F /* cointoss1 */ = {
			isa = PBXGroup;
			children = (
				C056BE4C29D2510F0075F55F /* cointossApp.swift */,
				C056BE4E29D2510F0075F55F /* GameplayViewController.swift */,
				C056BE5029D251100075F55F /* Assets.xcassets */,
				C056BE5529D251100075F55F /* Persistence.swift */,
				C056BE5729D251100075F55F /* cointoss.xcdatamodeld */,
				C056BE5229D251100075F55F /* Preview Content */,
			);
			path = cointoss1;
			sourceTree = "<group>";
		};
		C056BE5229D251100075F55F /* Preview Content */ = {
			isa = PBXGroup;
			children = (
				C056BE5329D251100075F55F /* Preview Assets.xcassets */,
			);
			path = "Preview Content";
			sourceTree = "<group>";
		};
		C056BE6729D264070075F55F /* CoinToss */ = {
			isa = PBXGroup;
			children = (
				C056BE6129D25EBE0075F55F /* GameplayManager.swift */,
				C056BE6329D25EF10075F55F /* CoinToss.swift */,
			);
			path = CoinToss;
			sourceTree = "<group>";
		};
/* End PBXGroup section */

/* Begin PBXNativeTarget section */
		C056BE4829D2510F0075F55F /* cointoss */ = {
			isa = PBXNativeTarget;
			buildConfigurationList = C056BE5C29D251100075F55F /* Build configuration list for PBXNativeTarget "cointoss" */;
			buildPhases = (
				C056BE4529D2510F0075F55F /* Sources */,
				C056BE4629D2510F0075F55F /* Frameworks */,
				C056BE4729D2510F0075F55F /* Resources */,
			);
			buildRules = (
			);
			dependencies = (
			);
			name = cointoss;
			productName = cointoss;
			productReference = C056BE4929D2510F0075F55F /* cointoss.app */;
			productType = "com.apple.product-type.application";
		};
/* End PBXNativeTarget section */

/* Begin PBXProject section */
		C056BE4129D2510F0075F55F /* Project object */ = {
			isa = PBXProject;
			attributes = {
				BuildIndependentTargetsInParallel = 1;
				LastSwiftUpdateCheck = 1420;
				LastUpgradeCheck = 1420;
				TargetAttributes = {
					C056BE4829D2510F0075F55F = {
						CreatedOnToolsVersion = 14.2;
					};
				};
			};
			buildConfigurationList = C056BE4429D2510F0075F55F /* Build configuration list for PBXProject "cointoss" */;
			compatibilityVersion = "Xcode 14.0";
			developmentRegion = en;
			hasScannedForEncodings = 0;
			knownRegions = (
				en,
				Base,
			);
			mainGroup = C056BE4029D2510F0075F55F;
			productRefGroup = C056BE4A29D2510F0075F55F /* Products */;
			projectDirPath = "";
			projectRoot = "";
			targets = (
				C056BE4829D2510F0075F55F /* cointoss */,
			);
		};
/* End PBXProject section */

/* Begin PBXResourcesBuildPhase section */
		C056BE4729D2510F0075F55F /* Resources */ = {
			isa = PBXResourcesBuildPhase;
			buildActionMask = 2147483647;
			files = (
				C056BE5429D251100075F55F /* Preview Assets.xcassets in Resources */,
				C056BE5129D251100075F55F /* Assets.xcassets in Resources */,
			);
			runOnlyForDeploymentPostprocessing = 0;
		};
/* End PBXResourcesBuildPhase section */

/* Begin PBXSourcesBuildPhase section */
		C056BE4529D2510F0075F55F /* Sources */ = {
			isa = PBXSourcesBuildPhase;
			buildActionMask = 2147483647;
			files = (
				C056BE5629D251100075F55F /* Persistence.swift in Sources */,
				C056BE6429D25EF10075F55F /* CoinToss.swift in Sources */,
				C056BE4F29D2510F0075F55F /* GameplayViewController.swift in Sources */,
				C056BE6229D25EBE0075F55F /* GameplayManager.swift in Sources */,
				C056BE4D29D2510F0075F55F /* cointossApp.swift in Sources */,
				C056BE5929D251100075F55F /* cointoss.xcdatamodeld in Sources */,
			);
			runOnlyForDeploymentPostprocessing = 0;
		};
/* End PBXSourcesBuildPhase section */

/* Begin XCBuildConfiguration section */
		C056BE5A29D251100075F55F /* Debug */ = {
			isa = XCBuildConfiguration;
			buildSettings = {
				ALWAYS_SEARCH_USER_PATHS = NO;
				CLANG_ANALYZER_NONNULL = YES;
				CLANG_ANALYZER_NUMBER_OBJECT_CONVERSION = YES_AGGRESSIVE;
				CLANG_CXX_LANGUAGE_STANDARD = "gnu++20";
				CLANG_ENABLE_MODULES = YES;
				CLANG_ENABLE_OBJC_ARC = YES;
				CLANG_ENABLE_OBJC_WEAK = YES;
				CLANG_WARN_BLOCK_CAPTURE_AUTORELEASING = YES;
				CLANG_WARN_BOOL_CONVERSION = YES;
				CLANG_WARN_COMMA = YES;
				CLANG_WARN_CONSTANT_CONVERSION = YES;
				CLANG_WARN_DEPRECATED_OBJC_IMPLEMENTATIONS = YES;
				CLANG_WARN_DIRECT_OBJC_ISA_USAGE = YES_ERROR;
				CLANG_WARN_DOCUMENTATION_COMMENTS = YES;
				CLANG_WARN_EMPTY_BODY = YES;
				CLANG_WARN_ENUM_CONVERSION = YES;
				CLANG_WARN_INFINITE_RECURSION = YES;
				CLANG_WARN_INT_CONVERSION = YES;
				CLANG_WARN_NON_LITERAL_NULL_CONVERSION = YES;
				CLANG_WARN_OBJC_IMPLICIT_RETAIN_SELF = YES;
				CLANG_WARN_OBJC_LITERAL_CONVERSION = YES;
				CLANG_WARN_OBJC_ROOT_CLASS = YES_ERROR;
				CLANG_WARN_QUOTED_INCLUDE_IN_FRAMEWORK_HEADER = YES;
				CLANG_WARN_RANGE_LOOP_ANALYSIS = YES;
				CLANG_WARN_STRICT_PROTOTYPES = YES;
				CLANG_WARN_SUSPICIOUS_MOVE = YES;
				CLANG_WARN_UNGUARDED_AVAILABILITY = YES_AGGRESSIVE;
				CLANG_WARN_UNREACHABLE_CODE = YES;
				CLANG_WARN__DUPLICATE_METHOD_MATCH = YES;
				COPY_PHASE_STRIP = NO;
				DEBUG_INFORMATION_FORMAT = dwarf;
				ENABLE_STRICT_OBJC_MSGSEND = YES;
				ENABLE_TESTABILITY = YES;
				GCC_C_LANGUAGE_STANDARD = gnu11;
				GCC_DYNAMIC_NO_PIC = NO;
				GCC_NO_COMMON_BLOCKS = YES;
				GCC_OPTIMIZATION_LEVEL = 0;
				GCC_PREPROCESSOR_DEFINITIONS = (
					"DEBUG=1",
					"$(inherited)",
				);
				GCC_WARN_64_TO_32_BIT_CONVERSION = YES;
				GCC_WARN_ABOUT_RETURN_TYPE = YES_ERROR;
				GCC_WARN_UNDECLARED_SELECTOR = YES;
				GCC_WARN_UNINITIALIZED_AUTOS = YES_AGGRESSIVE;
				GCC_WARN_UNUSED_FUNCTION = YES;
				GCC_WARN_UNUSED_VARIABLE = YES;
				IPHONEOS_DEPLOYMENT_TARGET = 16.2;
				MTL_ENABLE_DEBUG_INFO = INCLUDE_SOURCE;
				MTL_FAST_MATH = YES;
				ONLY_ACTIVE_ARCH = YES;
				SDKROOT = iphoneos;
				SWIFT_ACTIVE_COMPILATION_CONDITIONS = DEBUG;
				SWIFT_OPTIMIZATION_LEVEL = "-Onone";
			};
			name = Debug;
		};
		C056BE5B29D251100075F55F /* Release */ = {
			isa = XCBuildConfiguration;
			buildSettings = {
				ALWAYS_SEARCH_USER_PATHS = NO;
				CLANG_ANALYZER_NONNULL = YES;
				CLANG_ANALYZER_NUMBER_OBJECT_CONVERSION = YES_AGGRESSIVE;
				CLANG_CXX_LANGUAGE_STANDARD = "gnu++20";
				CLANG_ENABLE_MODULES = YES;
				CLANG_ENABLE_OBJC_ARC = YES;
				CLANG_ENABLE_OBJC_WEAK = YES;
				CLANG_WARN_BLOCK_CAPTURE_AUTORELEASING = YES;
				CLANG_WARN_BOOL_CONVERSION = YES;
				CLANG_WARN_COMMA = YES;
				CLANG_WARN_CONSTANT_CONVERSION = YES;
				CLANG_WARN_DEPRECATED_OBJC_IMPLEMENTATIONS = YES;
				CLANG_WARN_DIRECT_OBJC_ISA_USAGE = YES_ERROR;
				CLANG_WARN_DOCUMENTATION_COMMENTS = YES;
				CLANG_WARN_EMPTY_BODY = YES;
				CLANG_WARN_ENUM_CONVERSION = YES;
				CLANG_WARN_INFINITE_RECURSION = YES;
				CLANG_WARN_INT_CONVERSION = YES;
				CLANG_WARN_NON_LITERAL_NULL_CONVERSION = YES;
				CLANG_WARN_OBJC_IMPLICIT_RETAIN_SELF = YES;
				CLANG_WARN_OBJC_LITERAL_CONVERSION = YES;
				CLANG_WARN_OBJC_ROOT_CLASS = YES_ERROR;
				CLANG_WARN_QUOTED_INCLUDE_IN_FRAMEWORK_HEADER = YES;
				CLANG_WARN_RANGE_LOOP_ANALYSIS = YES;
				CLANG_WARN_STRICT_PROTOTYPES = YES;
				CLANG_WARN_SUSPICIOUS_MOVE = YES;
				CLANG_WARN_UNGUARDED_AVAILABILITY = YES_AGGRESSIVE;
				CLANG_WARN_UNREACHABLE_CODE = YES;
				CLANG_WARN__DUPLICATE_METHOD_MATCH = YES;
				COPY_PHASE_STRIP = NO;
				DEBUG_INFORMATION_FORMAT = "dwarf-with-dsym";
				ENABLE_NS_ASSERTIONS = NO;
				ENABLE_STRICT_OBJC_MSGSEND = YES;
				GCC_C_LANGUAGE_STANDARD = gnu11;
				GCC_NO_COMMON_BLOCKS = YES;
				GCC_WARN_64_TO_32_BIT_CONVERSION = YES;
				GCC_WARN_ABOUT_RETURN_TYPE = YES_ERROR;
				GCC_WARN_UNDECLARED_SELECTOR = YES;
				GCC_WARN_UNINITIALIZED_AUTOS = YES_AGGRESSIVE;
				GCC_WARN_UNUSED_FUNCTION = YES;
				GCC_WARN_UNUSED_VARIABLE = YES;
				IPHONEOS_DEPLOYMENT_TARGET = 16.2;
				MTL_ENABLE_DEBUG_INFO = NO;
				MTL_FAST_MATH = YES;
				SDKROOT = iphoneos;
				SWIFT_COMPILATION_MODE = wholemodule;
				SWIFT_OPTIMIZATION_LEVEL = "-O";
				VALIDATE_PRODUCT = YES;
			};
			name = Release;
		};
		C056BE5D29D251100075F55F /* Debug */ = {
			isa = XCBuildConfiguration;
			buildSettings = {
				ASSETCATALOG_COMPILER_APPICON_NAME = AppIcon;
				ASSETCATALOG_COMPILER_GLOBAL_ACCENT_COLOR_NAME = AccentColor;
				CODE_SIGN_STYLE = Automatic;
				CURRENT_PROJECT_VERSION = 1;
				DEVELOPMENT_ASSET_PATHS = "\"cointoss/Preview Content\"";
				ENABLE_PREVIEWS = YES;
				GENERATE_INFOPLIST_FILE = YES;
				INFOPLIST_KEY_UIApplicationSceneManifest_Generation = YES;
				INFOPLIST_KEY_UIApplicationSupportsIndirectInputEvents = YES;
				INFOPLIST_KEY_UILaunchScreen_Generation = YES;
				INFOPLIST_KEY_UISupportedInterfaceOrientations_iPad = "UIInterfaceOrientationPortrait UIInterfaceOrientationPortraitUpsideDown UIInterfaceOrientationLandscapeLeft UIInterfaceOrientationLandscapeRight";
				INFOPLIST_KEY_UISupportedInterfaceOrientations_iPhone = "UIInterfaceOrientationPortrait UIInterfaceOrientationLandscapeLeft UIInterfaceOrientationLandscapeRight";
				LD_RUNPATH_SEARCH_PATHS = (
					"$(inherited)",
					"@executable_path/Frameworks",
				);
				MARKETING_VERSION = 1.0;
				PRODUCT_BUNDLE_IDENTIFIER = CoinToss.cointoss;
				PRODUCT_NAME = "$(TARGET_NAME)";
				SWIFT_EMIT_LOC_STRINGS = YES;
				SWIFT_VERSION = 5.0;
				TARGETED_DEVICE_FAMILY = "1,2";
			};
			name = Debug;
		};
		C056BE5E29D251100075F55F /* Release */ = {
			isa = XCBuildConfiguration;
			buildSettings = {
				ASSETCATALOG_COMPILER_APPICON_NAME = AppIcon;
				ASSETCATALOG_COMPILER_GLOBAL_ACCENT_COLOR_NAME = AccentColor;
				CODE_SIGN_STYLE = Automatic;
				CURRENT_PROJECT_VERSION = 1;
				DEVELOPMENT_ASSET_PATHS = "\"cointoss/Preview Content\"";
				ENABLE_PREVIEWS = YES;
				GENERATE_INFOPLIST_FILE = YES;
				INFOPLIST_KEY_UIApplicationSceneManifest_Generation = YES;
				INFOPLIST_KEY_UIApplicationSupportsIndirectInputEvents = YES;
				INFOPLIST_KEY_UILaunchScreen_Generation = YES;
				INFOPLIST_KEY_UISupportedInterfaceOrientations_iPad = "UIInterfaceOrientationPortrait UIInterfaceOrientationPortraitUpsideDown UIInterfaceOrientationLandscapeLeft UIInterfaceOrientationLandscapeRight";
				INFOPLIST_KEY_UISupportedInterfaceOrientations_iPhone = "UIInterfaceOrientationPortrait UIInterfaceOrientationLandscapeLeft UIInterfaceOrientationLandscapeRight";
				LD_RUNPATH_SEARCH_PATHS = (
					"$(inherited)",
					"@executable_path/Frameworks",
				);
				MARKETING_VERSION = 1.0;
				PRODUCT_BUNDLE_IDENTIFIER = CoinToss.cointoss;
				PRODUCT_NAME = "$(TARGET_NAME)";
				SWIFT_EMIT_LOC_STRINGS = YES;
				SWIFT_VERSION = 5.0;
				TARGETED_DEVICE_FAMILY = "1,2";
			};
			name = Release;
		};
/* End XCBuildConfiguration section */

/* Begin XCConfigurationList section */
		C056BE4429D2510F0075F55F /* Build configuration list for PBXProject "cointoss" */ = {
			isa = XCConfigurationList;
			buildConfigurations = (
				C056BE5A29D251100075F55F /* Debug */,
				C056BE5B29D251100075F55F /* Release */,
			);
			defaultConfigurationIsVisible = 0;
			defaultConfigurationName = Release;
		};
		C056BE5C29D251100075F55F /* Build configuration list for PBXNativeTarget "cointoss" */ = {
			isa = XCConfigurationList;
			buildConfigurations = (
				C056BE5D29D251100075F55F /* Debug */,
				C056BE5E29D251100075F55F /* Release */,
			);
			defaultConfigurationIsVisible = 0;
			defaultConfigurationName = Release;
		};
/* End XCConfigurationList section */

/* Begin XCVersionGroup section */
		C056BE5729D251100075F55F /* cointoss.xcdatamodeld */ = {
			isa = XCVersionGroup;
			children = (
				C056BE5829D251100075F55F /* cointoss.xcdatamodel */,
			);
			currentVersion = C056BE5829D251100075F55F /* cointoss.xcdatamodel */;
			path = cointoss.xcdatamodeld;
			sourceTree = "<group>";
			versionGroupType = wrapper.xcdatamodel;
		};
/* End XCVersionGroup section */
	};
	rootObject = C056BE4129D2510F0075F55F /* Project object */;
}
